
Microsoft Visual Studio Solution File, Format Version 12.00
# Visual Studio Version 17
VisualStudioVersion = 17.3.32825.248
MinimumVisualStudioVersion = 10.0.40219.1
Project("{FAE04EC0-301F-11D3-BF4B-00C04F79EFBC}") = "Desktop_Auth", "Desktop_Auth\Desktop_Auth.csproj", "{A9298257-D574-4944-A56D-16FBA8C93387}"
EndProject
Global
	GlobalSection(SolutionConfigurationPlatforms) = preSolution
		Debug|Any CPU = Debug|Any CPU
		Release|Any CPU = Release|Any CPU
	EndGlobalSection
	GlobalSection(ProjectConfigurationPlatforms) = postSolution
		{A9298257-D574-4944-A56D-16FBA8C93387}.Debug|Any CPU.ActiveCfg = Debug|Any CPU
		{A9298257-D574-4944-A56D-16FBA8C93387}.Debug|Any CPU.Build.0 = Debug|Any CPU
		{A9298257-D574-4944-A56D-16FBA8C93387}.Release|Any CPU.ActiveCfg = Release|Any CPU
		{A9298257-D574-4944-A56D-16FBA8C93387}.Release|Any CPU.Build.0 = Release|Any CPU
	EndGlobalSection
	GlobalSection(SolutionProperties) = preSolution
		HideSolutionNode = FALSE
	EndGlobalSection
	GlobalSection(ExtensibilityGlobals) = postSolution
		SolutionGuid = {89DDB3D1-51BF-43FE-BD88-D770E083C593}
	EndGlobalSection
EndGlobal
